{
  "name": "home-runner",
  "lockfileVersion": 3,
  "requires": true,
  "packages": {
    "": {
      "dependencies": {
        "@anthropic-ai/claude-code": "2.1.114",
        "@github/copilot": "1.0.32",
        "@openai/codex": "0.125.0"
      }
    },
    "node_modules/@anthropic-ai/claude-code": {
      "version": "2.1.114",
      "resolved": "https://registry.npmjs.org/@anthropic-ai/claude-code/-/claude-code-2.1.114.tgz",
      "integrity": "sha512-RPhw1ClFxzOESQdI+bXYp35IXlhS/bi75VIajQgrg11qH10k5jiYZ+ivz1dTN6rbeii+zaCuhjpMzKfdtN/JTw==",
      "hasInstallScript": true,
      "bin": {
        "claude": "bin/claude.exe"
      },
      "engines": {
        "node": ">=18.0.0"
      },
      "optionalDependencies": {
        "@anthropic-ai/claude-code-darwin-arm64": "2.1.114",
        "@anthropic-ai/claude-code-darwin-x64": "2.1.114",
        "@anthropic-ai/claude-code-linux-arm64": "2.1.114",
        "@anthropic-ai/claude-code-linux-arm64-musl": "2.1.114",
        "@anthropic-ai/claude-code-linux-x64": "2.1.114",
        "@anthropic-ai/claude-code-linux-x64-musl": "2.1.114",
        "@anthropic-ai/claude-code-win32-arm64": "2.1.114",
        "@anthropic-ai/claude-code-win32-x64": "2.1.114"
      }
    },
    "node_modules/@anthropic-ai/claude-code-darwin-arm64": {
      "version": "2.1.114",
      "resolved": "https://registry.npmjs.org/@anthropic-ai/claude-code-darwin-arm64/-/claude-code-darwin-arm64-2.1.114.tgz",
      "integrity": "sha512-TVvlUA3VluCWibN+U9PIbrQrdxyX6tEORawaZnBOsEXzo/fXF8C61NgUN6KlZedgGZATrRflv3w+Im2vw+kfcg==",
      "cpu": [
        "arm64"
      ],
      "optional": true,
      "os": [
        "darwin"
      ]
    },
    "node_modules/@anthropic-ai/claude-code-darwin-x64": {
      "version": "2.1.114",
      "resolved": "https://registry.npmjs.org/@anthropic-ai/claude-code-darwin-x64/-/claude-code-darwin-x64-2.1.114.tgz",
      "integrity": "sha512-1k3shOIjp1ra/URMbGiqUxJ/prbwfQdjg1Ms2SPlX2Mxo/NCNg+S5K0d4BfC/xUB3fYOe1OuoE3qbY4WKZPkiQ==",
      "cpu": [
        "x64"
      ],
      "optional": true,
      "os": [
        "darwin"
      ]
    },
    "node_modules/@anthropic-ai/claude-code-linux-arm64": {
      "version": "2.1.114",
      "resolved": "https://registry.npmjs.org/@anthropic-ai/claude-code-linux-arm64/-/claude-code-linux-arm64-2.1.114.tgz",
      "integrity": "sha512-eIJaynRIzbWSmspLvrPZDXlKp+Jd3omi94sLdHznrzqRrU98eNEXNaBlcQQx1A5hbOEo2cx0QXOZV3idpeirPQ==",
      "cpu": [
        "arm64"
      ],
      "optional": true,
      "os": [
        "linux"
      ]
    },
    "node_modules/@anthropic-ai/claude-code-linux-arm64-musl": {
      "version": "2.1.114",
      "resolved": "https://registry.npmjs.org/@anthropic-ai/claude-code-linux-arm64-musl/-/claude-code-linux-arm64-musl-2.1.114.tgz",
      "integrity": "sha512-rEyufGIlBYIjHWBF0E+vL0nMO5kh/nT9pftOvDW8wDRS7GN67dBWQvWRVZ9q5PTSNh1urCi1ZWDL/Rc6HSzxcg==",
      "cpu": [
        "arm64"
      ],
      "optional": true,
      "os": [
        "linux"
      ]
    },
    "node_modules/@anthropic-ai/claude-code-linux-x64": {
      "version": "2.1.114",
      "resolved": "https://registry.npmjs.org/@anthropic-ai/claude-code-linux-x64/-/claude-code-linux-x64-2.1.114.tgz",
      "integrity": "sha512-4YX0ataEGqtgmXoYf97YQnbzh0xwegH4ZFP5d5LXBlJIXAB26cSIBNBPE+Eln8evguGJ9QzmHQBhSTdOl0DQAw==",
      "cpu": [
        "x64"
      ],
      "optional": true,
      "os": [
        "linux"
      ]
    },
    "node_modules/@anthropic-ai/claude-code-linux-x64-musl": {
      "version": "2.1.114",
      "resolved": "https://registry.npmjs.org/@anthropic-ai/claude-code-linux-x64-musl/-/claude-code-linux-x64-musl-2.1.114.tgz",
      "integrity": "sha512-kq7LDpUFzn/X4Iom3u5whbmtZmDjKI7cOPCo9UhGwivU8zKYGiIemkNlwManz01i6Ct4/kSZH8sWNAHvDm0pTQ==",
      "cpu": [
        "x64"
      ],
      "optional": true,
      "os": [
        "linux"
      ]
    },
    "node_modules/@anthropic-ai/claude-code-win32-arm64": {
      "version": "2.1.114",
      "resolved": "https://registry.npmjs.org/@anthropic-ai/claude-code-win32-arm64/-/claude-code-win32-arm64-2.1.114.tgz",
      "integrity": "sha512-QtaFjXNLWWWzZ9Bm/p970KxDDlUsyhFHKtXeSZLEche88n7XC87TLNH8RaCkXJzyFP16JU7CrsYrYKCXtspyXA==",
      "cpu": [
        "arm64"
      ],
      "optional": true,
      "os": [
        "win32"
      ]
    },
    "node_modules/@anthropic-ai/claude-code-win32-x64": {
      "version": "2.1.114",
      "resolved": "https://registry.npmjs.org/@anthropic-ai/claude-code-win32-x64/-/claude-code-win32-x64-2.1.114.tgz",
      "integrity": "sha512-/BeCvzMFmOB/KmA6J6z6z3n6N0wHS20ViRYiai+joB7sKuOMQSVZzyLu115RNoLAaUt5b7MFRMLKgmsH3m+BHg==",
      "cpu": [
        "x64"
      ],
      "optional": true,
      "os": [
        "win32"
      ]
    },
    "node_modules/@github/copilot": {
      "version": "1.0.32",
      "resolved": "https://registry.npmjs.org/@github/copilot/-/copilot-1.0.32.tgz",
      "integrity": "sha512-ydEYAztJQa1sLQw+WPmnkkt3Sf/k2Smn/7szzYvt1feUOdNIak1gHpQhKcgPr2w252gjVLRWjOiynoeLVW0Fbw==",
      "bin": {
        "copilot": "npm-loader.js"
      },
      "optionalDependencies": {
        "@github/copilot-darwin-arm64": "1.0.32",
        "@github/copilot-darwin-x64": "1.0.32",
        "@github/copilot-linux-arm64": "1.0.32",
        "@github/copilot-linux-x64": "1.0.32",
        "@github/copilot-win32-arm64": "1.0.32",
        "@github/copilot-win32-x64": "1.0.32"
      }
    },
    "node_modules/@github/copilot-darwin-arm64": {
      "version": "1.0.32",
      "resolved": "https://registry.npmjs.org/@github/copilot-darwin-arm64/-/copilot-darwin-arm64-1.0.32.tgz",
      "integrity": "sha512-RtGHpnrbP1eVtpzitLqC0jkBlo63PJiByv6W/NTtLw4ZAllumb5kMk8JaTtydKl9DCOHA0wfXbG5/JkGXuQ81g==",
      "cpu": [
        "arm64"
      ],
      "optional": true,
      "os": [
        "darwin"
      ],
      "bin": {
        "copilot-darwin-arm64": "copilot"
      }
    },
    "node_modules/@github/copilot-darwin-x64": {
      "version": "1.0.32",
      "resolved": "https://registry.npmjs.org/@github/copilot-darwin-x64/-/copilot-darwin-x64-1.0.32.tgz",
      "integrity": "sha512-eyF6uy8gcZ4m/0UdM9UoykMDotZ8hZPJ1xIg0iHy4wrNtkYOaAspAoVpOkm50ODOQAHJ5PVV+9LuT6IoeL+wHQ==",
      "cpu": [
        "x64"
      ],
      "optional": true,
      "os": [
        "darwin"
      ],
      "bin": {
        "copilot-darwin-x64": "copilot"
      }
    },
    "node_modules/@github/copilot-linux-arm64": {
      "version": "1.0.32",
      "resolved": "https://registry.npmjs.org/@github/copilot-linux-arm64/-/copilot-linux-arm64-1.0.32.tgz",
      "integrity": "sha512-acRAu5ehFPnw3hQSIxcmi7wzv8PAYd+nqdxZXizOi++en3QWgez7VEXiKLe9Ukf50iiGReg19yvWV4iDOGC0HQ==",
      "cpu": [
        "arm64"
      ],
      "optional": true,
      "os": [
        "linux"
      ],
      "bin": {
        "copilot-linux-arm64": "copilot"
      }
    },
    "node_modules/@github/copilot-linux-x64": {
      "version": "1.0.32",
      "resolved": "https://registry.npmjs.org/@github/copilot-linux-x64/-/copilot-linux-x64-1.0.32.tgz",
      "integrity": "sha512-lw86YDwkTKwmeVpfnPErDe9DhemrOHN+l92xOU9wQSH5/d+HguXwRb3e4cQjlxsGLS+/fWRGtwf+u2fbQ37avw==",
      "cpu": [
        "x64"
      ],
      "optional": true,
      "os": [
        "linux"
      ],
      "bin": {
        "copilot-linux-x64": "copilot"
      }
    },
    "node_modules/@github/copilot-win32-arm64": {
      "version": "1.0.32",
      "resolved": "https://registry.npmjs.org/@github/copilot-win32-arm64/-/copilot-win32-arm64-1.0.32.tgz",
      "integrity": "sha512-+eZpuzgBbLHMIzltH541wfbbMy0HEdG91ISzRae3qPCssf3Ad85sat6k7FWTRBSZBFrN7z4yMQm5gROqDJYGSA==",
      "cpu": [
        "arm64"
      ],
      "optional": true,
      "os": [
        "win32"
      ],
      "bin": {
        "copilot-win32-arm64": "copilot.exe"
      }
    },
    "node_modules/@github/copilot-win32-x64": {
      "version": "1.0.32",
      "resolved": "https://registry.npmjs.org/@github/copilot-win32-x64/-/copilot-win32-x64-1.0.32.tgz",
      "integrity": "sha512-R6SW1dsEVmPMhrN/WRTetS4gVxcuYcxi2zfDPOfcjW3W0iD0Vwpt3MlqwBaU2UL36j+rnTnmiOA+g82FIBCYVg==",
      "cpu": [
        "x64"
      ],
      "optional": true,
      "os": [
        "win32"
      ],
      "bin": {
        "copilot-win32-x64": "copilot.exe"
      }
    },
    "node_modules/@openai/codex": {
      "version": "0.125.0",
      "resolved": "https://registry.npmjs.org/@openai/codex/-/codex-0.125.0.tgz",
      "integrity": "sha512-GiE9wlgL95u/5BRirY5d3EaRLU1tu7Y1R09R8lCHHVmcQdSmhS809FdPDWH3gIYHS7ZriAPqXwJ3aLA0WKl40Q==",
      "bin": {
        "codex": "bin/codex.js"
      },
      "engines": {
        "node": ">=16"
      },
      "optionalDependencies": {
        "@openai/codex-darwin-arm64": "npm:@openai/codex@0.125.0-darwin-arm64",
        "@openai/codex-darwin-x64": "npm:@openai/codex@0.125.0-darwin-x64",
        "@openai/codex-linux-arm64": "npm:@openai/codex@0.125.0-linux-arm64",
        "@openai/codex-linux-x64": "npm:@openai/codex@0.125.0-linux-x64",
        "@openai/codex-win32-arm64": "npm:@openai/codex@0.125.0-win32-arm64",
        "@openai/codex-win32-x64": "npm:@openai/codex@0.125.0-win32-x64"
      }
    },
    "node_modules/@openai/codex-darwin-arm64": {
      "name": "@openai/codex",
      "version": "0.125.0-darwin-arm64",
      "resolved": "https://registry.npmjs.org/@openai/codex/-/codex-0.125.0-darwin-arm64.tgz",
      "integrity": "sha512-Gn2fHiSO0XgyHp1OSd5DWUTm66Bv9UEuipW5pVEj1E+hWZCOrdqnYttllKFWtRGj5yiKefNX3JIxONgh/ZwlOQ==",
      "cpu": [
        "arm64"
      ],
      "optional": true,
      "os": [
        "darwin"
      ],
      "engines": {
        "node": ">=16"
      }
    },
    "node_modules/@openai/codex-darwin-x64": {
      "name": "@openai/codex",
      "version": "0.125.0-darwin-x64",
      "resolved": "https://registry.npmjs.org/@openai/codex/-/codex-0.125.0-darwin-x64.tgz",
      "integrity": "sha512-TZ5Lek2X/UXTI9LXFxzarvQaJeuTrqVh4POc7soO/8RclVnCxADnCf15sivxLd5eiFW4t0myGoeVoM4lciRiRg==",
      "cpu": [
        "x64"
      ],
      "optional": true,
      "os": [
        "darwin"
      ],
      "engines": {
        "node": ">=16"
      }
    },
    "node_modules/@openai/codex-linux-arm64": {
      "name": "@openai/codex",
      "version": "0.125.0-linux-arm64",
      "resolved": "https://registry.npmjs.org/@openai/codex/-/codex-0.125.0-linux-arm64.tgz",
      "integrity": "sha512-pPnJoJD6rZ2Iin0zNt/up36bO2/EOp2B+1/rPHu/lSq3PJbT3Fmnfut2kJy5LylXb7bGA2XQbtqOogZzIbnlkA==",
      "cpu": [
        "arm64"
      ],
      "optional": true,
      "os": [
        "linux"
      ],
      "engines": {
        "node": ">=16"
      }
    },
    "node_modules/@openai/codex-linux-x64": {
      "name": "@openai/codex",
      "version": "0.125.0-linux-x64",
      "resolved": "https://registry.npmjs.org/@openai/codex/-/codex-0.125.0-linux-x64.tgz",
      "integrity": "sha512-K2NTTEeBpz/G+N2x17UGWfauRt3So+ir4f+U/60l5PPnYEJB/w3YZrlXo2G9og8Dm9BqtoBAjoPV74sRv9tWWQ==",
      "cpu": [
        "x64"
      ],
      "optional": true,
      "os": [
        "linux"
      ],
      "engines": {
        "node": ">=16"
      }
    },
    "node_modules/@openai/codex-win32-arm64": {
      "name": "@openai/codex",
      "version": "0.125.0-win32-arm64",
      "resolved": "https://registry.npmjs.org/@openai/codex/-/codex-0.125.0-win32-arm64.tgz",
      "integrity": "sha512-zxoUakw9oIHIFrAyk400XkkLBJFA6nOym0NDq6sQ/jhdcYraKqNSRCII2nsBwZHk+/4zgUvuk52iuutgysY/rQ==",
      "cpu": [
        "arm64"
      ],
      "optional": true,
      "os": [
        "win32"
      ],
      "engines": {
        "node": ">=16"
      }
    },
    "node_modules/@openai/codex-win32-x64": {
      "name": "@openai/codex",
      "version": "0.125.0-win32-x64",
      "resolved": "https://registry.npmjs.org/@openai/codex/-/codex-0.125.0-win32-x64.tgz",
      "integrity": "sha512-ofpOK+OWH5QFuUZ9pTM0d/PcXUXiIP5z5DpRcE9MlucJoyOl4Zy4Nu3NcuHF4YzCkZMQb6x3j0tjDEPHKqNQzw==",
      "cpu": [
        "x64"
      ],
      "optional": true,
      "os": [
        "win32"
      ],
      "engines": {
        "node": ">=16"
      }
    }
  }
}
